
Microsoft Visual Studio Solution File, Format Version 12.00
# Visual Studio Version 16
VisualStudioVersion = 16.0.31402.337
MinimumVisualStudioVersion = 10.0.40219.1
Project("{9A19103F-16F7-4668-BE54-9A1E7A4F7556}") = "TaskTracker", "TaskTracker\TaskTracker.csproj", "{CF9DCEBB-C632-43BB-9B76-ABA9A01E8B91}"
EndProject
Project("{FAE04EC0-301F-11D3-BF4B-00C04F79EFBC}") = "TaskTrackerTests", "TaskTrackerTests\TaskTrackerTests.csproj", "{36A637FE-C856-4AC6-9479-D060E4D8B151}"
EndProject
Global
	GlobalSection(SolutionConfigurationPlatforms) = preSolution
		Debug|Any CPU = Debug|Any CPU
		Release|Any CPU = Release|Any CPU
	EndGlobalSection
	GlobalSection(ProjectConfigurationPlatforms) = postSolution
		{CF9DCEBB-C632-43BB-9B76-ABA9A01E8B91}.Debug|Any CPU.ActiveCfg = Debug|Any CPU
		{CF9DCEBB-C632-43BB-9B76-ABA9A01E8B91}.Debug|Any CPU.Build.0 = Debug|Any CPU
		{CF9DCEBB-C632-43BB-9B76-ABA9A01E8B91}.Release|Any CPU.ActiveCfg = Release|Any CPU
		{CF9DCEBB-C632-43BB-9B76-ABA9A01E8B91}.Release|Any CPU.Build.0 = Release|Any CPU
		{36A637FE-C856-4AC6-9479-D060E4D8B151}.Debug|Any CPU.ActiveCfg = Debug|Any CPU
		{36A637FE-C856-4AC6-9479-D060E4D8B151}.Debug|Any CPU.Build.0 = Debug|Any CPU
		{36A637FE-C856-4AC6-9479-D060E4D8B151}.Release|Any CPU.ActiveCfg = Release|Any CPU
		{36A637FE-C856-4AC6-9479-D060E4D8B151}.Release|Any CPU.Build.0 = Release|Any CPU
	EndGlobalSection
	GlobalSection(SolutionProperties) = preSolution
		HideSolutionNode = FALSE
	EndGlobalSection
	GlobalSection(ExtensibilityGlobals) = postSolution
		SolutionGuid = {94589531-8829-4D13-8B58-407DD377C91D}
	EndGlobalSection
EndGlobal
